{
  "name": "javascriptplayground",
  "version": "1.0.0",
  "lockfileVersion": 1,
  "requires": true,
  "dependencies": {
    "leetcode": {
      "version": "2.0.0",
      "resolved": "https://registry.npmjs.org/leetcode/-/leetcode-2.0.0.tgz",
      "integrity": "sha512-1+naZl4VcSzzPbmJVwCOUUfFKdn7w6/6Jr0yZBYWKEl7ehZix6owWTqoHIn6z0D26dVQW0RRJs30vjp8X3+HmQ=="
    }
  }
}
